
Microsoft Visual Studio Solution File, Format Version 12.00
# Visual Studio Version 17
VisualStudioVersion = 17.11.35219.272
MinimumVisualStudioVersion = 10.0.40219.1
Project("{FAE04EC0-301F-11D3-BF4B-00C04F79EFBC}") = "OrderProcessingApp", "OrderProcessingApp.csproj", "{814D828D-CAC4-4EAF-8F45-E2145E345D5B}"
EndProject
Global
	GlobalSection(SolutionConfigurationPlatforms) = preSolution
		Debug|Any CPU = Debug|Any CPU
		Release|Any CPU = Release|Any CPU
	EndGlobalSection
	GlobalSection(ProjectConfigurationPlatforms) = postSolution
		{814D828D-CAC4-4EAF-8F45-E2145E345D5B}.Debug|Any CPU.ActiveCfg = Debug|Any CPU
		{814D828D-CAC4-4EAF-8F45-E2145E345D5B}.Debug|Any CPU.Build.0 = Debug|Any CPU
		{814D828D-CAC4-4EAF-8F45-E2145E345D5B}.Release|Any CPU.ActiveCfg = Release|Any CPU
		{814D828D-CAC4-4EAF-8F45-E2145E345D5B}.Release|Any CPU.Build.0 = Release|Any CPU
	EndGlobalSection
	GlobalSection(SolutionProperties) = preSolution
		HideSolutionNode = FALSE
	EndGlobalSection
	GlobalSection(ExtensibilityGlobals) = postSolution
		SolutionGuid = {788E3FF3-903D-4C40-AF01-7D3FA382166B}
	EndGlobalSection
EndGlobal
